
Microsoft Visual Studio Solution File, Format Version 12.00
# Visual Studio Version 17
VisualStudioVersion = 17.14.36401.2
MinimumVisualStudioVersion = 10.0.40219.1
Project("{FAE04EC0-301F-11D3-BF4B-00C04F79EFBC}") = "VaccinationCard", "VaccinationCard\VaccinationCard.csproj", "{EE5F21EE-92A0-4BA3-8C66-DAE3728CE636}"
EndProject
Project("{FAE04EC0-301F-11D3-BF4B-00C04F79EFBC}") = "VaccinationCard.Domain", "VaccinationCard.Domain\VaccinationCard.Domain.csproj", "{55AC4741-B301-4F42-868C-457934D483E9}"
EndProject
Project("{FAE04EC0-301F-11D3-BF4B-00C04F79EFBC}") = "VaccinationCard.Infrastructure", "VaccinationCard.Infrastructure\VaccinationCard.Infrastructure.csproj", "{DA93D6DA-E1D0-42FE-8C0D-65C6408C105D}"
EndProject
Project("{FAE04EC0-301F-11D3-BF4B-00C04F79EFBC}") = "VaccinationCard.Application", "VaccinationCard.Application\VaccinationCard.Application.csproj", "{F79E691D-3009-4164-BF72-7E343DCEAB03}"
EndProject
Global
	GlobalSection(SolutionConfigurationPlatforms) = preSolution
		Debug|Any CPU = Debug|Any CPU
		Release|Any CPU = Release|Any CPU
	EndGlobalSection
	GlobalSection(ProjectConfigurationPlatforms) = postSolution
		{EE5F21EE-92A0-4BA3-8C66-DAE3728CE636}.Debug|Any CPU.ActiveCfg = Debug|Any CPU
		{EE5F21EE-92A0-4BA3-8C66-DAE3728CE636}.Debug|Any CPU.Build.0 = Debug|Any CPU
		{EE5F21EE-92A0-4BA3-8C66-DAE3728CE636}.Release|Any CPU.ActiveCfg = Release|Any CPU
		{EE5F21EE-92A0-4BA3-8C66-DAE3728CE636}.Release|Any CPU.Build.0 = Release|Any CPU
		{55AC4741-B301-4F42-868C-457934D483E9}.Debug|Any CPU.ActiveCfg = Debug|Any CPU
		{55AC4741-B301-4F42-868C-457934D483E9}.Debug|Any CPU.Build.0 = Debug|Any CPU
		{55AC4741-B301-4F42-868C-457934D483E9}.Release|Any CPU.ActiveCfg = Release|Any CPU
		{55AC4741-B301-4F42-868C-457934D483E9}.Release|Any CPU.Build.0 = Release|Any CPU
		{DA93D6DA-E1D0-42FE-8C0D-65C6408C105D}.Debug|Any CPU.ActiveCfg = Debug|Any CPU
		{DA93D6DA-E1D0-42FE-8C0D-65C6408C105D}.Debug|Any CPU.Build.0 = Debug|Any CPU
		{DA93D6DA-E1D0-42FE-8C0D-65C6408C105D}.Release|Any CPU.ActiveCfg = Release|Any CPU
		{DA93D6DA-E1D0-42FE-8C0D-65C6408C105D}.Release|Any CPU.Build.0 = Release|Any CPU
		{F79E691D-3009-4164-BF72-7E343DCEAB03}.Debug|Any CPU.ActiveCfg = Debug|Any CPU
		{F79E691D-3009-4164-BF72-7E343DCEAB03}.Debug|Any CPU.Build.0 = Debug|Any CPU
		{F79E691D-3009-4164-BF72-7E343DCEAB03}.Release|Any CPU.ActiveCfg = Release|Any CPU
		{F79E691D-3009-4164-BF72-7E343DCEAB03}.Release|Any CPU.Build.0 = Release|Any CPU
	EndGlobalSection
	GlobalSection(SolutionProperties) = preSolution
		HideSolutionNode = FALSE
	EndGlobalSection
	GlobalSection(ExtensibilityGlobals) = postSolution
		SolutionGuid = {A822A08B-BC2A-4161-85CC-06990AD5AD18}
	EndGlobalSection
EndGlobal
